
Microsoft Visual Studio Solution File, Format Version 12.00
# Visual Studio Version 16
VisualStudioVersion = 16.0.29326.143
MinimumVisualStudioVersion = 10.0.40219.1
Project("{FAE04EC0-301F-11D3-BF4B-00C04F79EFBC}") = "WindowsFormsApp1", "WindowsFormsApp1\WindowsFormsApp1.csproj", "{CBAA226B-519F-442F-A2B5-94703E551AF1}"
EndProject
Project("{2150E333-8FDC-42A3-9474-1A3956D46DE8}") = "Solution Items", "Solution Items", "{E1870882-FBD0-4254-A226-C3FFEBDE43B3}"
EndProject
Global
	GlobalSection(SolutionConfigurationPlatforms) = preSolution
		Aufschrauberportal|Any CPU = Aufschrauberportal|Any CPU
		Aufschrauberportal|x64 = Aufschrauberportal|x64
		Debug|Any CPU = Debug|Any CPU
		Debug|x64 = Debug|x64
		Release|Any CPU = Release|Any CPU
		Release|x64 = Release|x64
	EndGlobalSection
	GlobalSection(ProjectConfigurationPlatforms) = postSolution
		{CBAA226B-519F-442F-A2B5-94703E551AF1}.Aufschrauberportal|Any CPU.ActiveCfg = Aufschrauberportal|Any CPU
		{CBAA226B-519F-442F-A2B5-94703E551AF1}.Aufschrauberportal|Any CPU.Build.0 = Aufschrauberportal|Any CPU
		{CBAA226B-519F-442F-A2B5-94703E551AF1}.Aufschrauberportal|x64.ActiveCfg = Aufschrauberportal|x64
		{CBAA226B-519F-442F-A2B5-94703E551AF1}.Aufschrauberportal|x64.Build.0 = Aufschrauberportal|x64
		{CBAA226B-519F-442F-A2B5-94703E551AF1}.Debug|Any CPU.ActiveCfg = Debug|Any CPU
		{CBAA226B-519F-442F-A2B5-94703E551AF1}.Debug|Any CPU.Build.0 = Debug|Any CPU
		{CBAA226B-519F-442F-A2B5-94703E551AF1}.Debug|x64.ActiveCfg = Debug|x64
		{CBAA226B-519F-442F-A2B5-94703E551AF1}.Debug|x64.Build.0 = Debug|x64
		{CBAA226B-519F-442F-A2B5-94703E551AF1}.Release|Any CPU.ActiveCfg = Release|Any CPU
		{CBAA226B-519F-442F-A2B5-94703E551AF1}.Release|Any CPU.Build.0 = Release|Any CPU
		{CBAA226B-519F-442F-A2B5-94703E551AF1}.Release|x64.ActiveCfg = Release|x64
		{CBAA226B-519F-442F-A2B5-94703E551AF1}.Release|x64.Build.0 = Release|x64
	EndGlobalSection
	GlobalSection(SolutionProperties) = preSolution
		HideSolutionNode = FALSE
	EndGlobalSection
	GlobalSection(ExtensibilityGlobals) = postSolution
		SolutionGuid = {7B15F8B7-F9D4-4512-AEC7-966AA60C84BD}
	EndGlobalSection
EndGlobal
